
Microsoft Visual Studio Solution File, Format Version 12.00
# Visual Studio Version 16
VisualStudioVersion = 16.0.30711.63
MinimumVisualStudioVersion = 10.0.40219.1
Project("{FAE04EC0-301F-11D3-BF4B-00C04F79EFBC}") = "Cement", "Project\Cement.csproj", "{6B20E15F-BF5A-4EA8-B9E8-FC4AD7FE32A9}"
EndProject
Project("{2150E333-8FDC-42A3-9474-1A3956D46DE8}") = "BusinessLayer", "BusinessLayer", "{6460C2A7-0E62-46DE-9A68-A5FF30021FFB}"
EndProject
Project("{2150E333-8FDC-42A3-9474-1A3956D46DE8}") = "DataLayer", "DataLayer", "{8F255F02-E941-48B0-AB7A-C52A2D930973}"
EndProject
Project("{2150E333-8FDC-42A3-9474-1A3956D46DE8}") = "UI", "UI", "{E06A41AD-42F2-4B8B-A4B2-530737165713}"
EndProject
Project("{FAE04EC0-301F-11D3-BF4B-00C04F79EFBC}") = "Resources", "Resources\Resources.csproj", "{2D564AEC-1B7C-4399-A067-A025C31F1BB5}"
EndProject
Project("{FAE04EC0-301F-11D3-BF4B-00C04F79EFBC}") = "ViewModels", "ViewModels\ViewModels.csproj", "{7A01F539-3EF7-45C6-B01D-60A460BC72FB}"
EndProject
Project("{FAE04EC0-301F-11D3-BF4B-00C04F79EFBC}") = "DAL", "DAL\DAL.csproj", "{8813E9E3-F825-44C3-8B8B-9DED8F914043}"
EndProject
Project("{FAE04EC0-301F-11D3-BF4B-00C04F79EFBC}") = "Enums", "Enum\Enums.csproj", "{38BE8832-8735-4F01-9813-AE3A2168A1E2}"
EndProject
Project("{FAE04EC0-301F-11D3-BF4B-00C04F79EFBC}") = "PdfReportGenerator", "PdfReportGenerator\PdfReportGenerator.csproj", "{DF00196A-3B96-4BCD-8C4E-879DB8EDFE95}"
EndProject
Project("{FAE04EC0-301F-11D3-BF4B-00C04F79EFBC}") = "Utilities", "Utility\Utilities.csproj", "{78FA154E-8772-4FC7-9C73-CC2E32BAA91D}"
EndProject
Project("{FAE04EC0-301F-11D3-BF4B-00C04F79EFBC}") = "WCFServiceLibrary", "WCFServiceLibrary\WCFServiceLibrary.csproj", "{99DFB77D-8F8E-4351-A3AC-DA0436A2CE65}"
EndProject
Project("{FAE04EC0-301F-11D3-BF4B-00C04F79EFBC}") = "Models", "Model\Models.csproj", "{659E3CB3-9993-4AE5-9016-3FD2C5435066}"
EndProject
Global
	GlobalSection(SolutionConfigurationPlatforms) = preSolution
		Debug|Any CPU = Debug|Any CPU
		Release|Any CPU = Release|Any CPU
	EndGlobalSection
	GlobalSection(ProjectConfigurationPlatforms) = postSolution
		{6B20E15F-BF5A-4EA8-B9E8-FC4AD7FE32A9}.Debug|Any CPU.ActiveCfg = Debug|Any CPU
		{6B20E15F-BF5A-4EA8-B9E8-FC4AD7FE32A9}.Debug|Any CPU.Build.0 = Debug|Any CPU
		{6B20E15F-BF5A-4EA8-B9E8-FC4AD7FE32A9}.Release|Any CPU.ActiveCfg = Release|Any CPU
		{6B20E15F-BF5A-4EA8-B9E8-FC4AD7FE32A9}.Release|Any CPU.Build.0 = Release|Any CPU
		{2D564AEC-1B7C-4399-A067-A025C31F1BB5}.Debug|Any CPU.ActiveCfg = Debug|Any CPU
		{2D564AEC-1B7C-4399-A067-A025C31F1BB5}.Debug|Any CPU.Build.0 = Debug|Any CPU
		{2D564AEC-1B7C-4399-A067-A025C31F1BB5}.Release|Any CPU.ActiveCfg = Release|Any CPU
		{2D564AEC-1B7C-4399-A067-A025C31F1BB5}.Release|Any CPU.Build.0 = Release|Any CPU
		{7A01F539-3EF7-45C6-B01D-60A460BC72FB}.Debug|Any CPU.ActiveCfg = Debug|Any CPU
		{7A01F539-3EF7-45C6-B01D-60A460BC72FB}.Debug|Any CPU.Build.0 = Debug|Any CPU
		{7A01F539-3EF7-45C6-B01D-60A460BC72FB}.Release|Any CPU.ActiveCfg = Release|Any CPU
		{7A01F539-3EF7-45C6-B01D-60A460BC72FB}.Release|Any CPU.Build.0 = Release|Any CPU
		{8813E9E3-F825-44C3-8B8B-9DED8F914043}.Debug|Any CPU.ActiveCfg = Debug|Any CPU
		{8813E9E3-F825-44C3-8B8B-9DED8F914043}.Debug|Any CPU.Build.0 = Debug|Any CPU
		{8813E9E3-F825-44C3-8B8B-9DED8F914043}.Release|Any CPU.ActiveCfg = Release|Any CPU
		{8813E9E3-F825-44C3-8B8B-9DED8F914043}.Release|Any CPU.Build.0 = Release|Any CPU
		{38BE8832-8735-4F01-9813-AE3A2168A1E2}.Debug|Any CPU.ActiveCfg = Debug|Any CPU
		{38BE8832-8735-4F01-9813-AE3A2168A1E2}.Debug|Any CPU.Build.0 = Debug|Any CPU
		{38BE8832-8735-4F01-9813-AE3A2168A1E2}.Release|Any CPU.ActiveCfg = Release|Any CPU
		{38BE8832-8735-4F01-9813-AE3A2168A1E2}.Release|Any CPU.Build.0 = Release|Any CPU
		{DF00196A-3B96-4BCD-8C4E-879DB8EDFE95}.Debug|Any CPU.ActiveCfg = Debug|Any CPU
		{DF00196A-3B96-4BCD-8C4E-879DB8EDFE95}.Debug|Any CPU.Build.0 = Debug|Any CPU
		{DF00196A-3B96-4BCD-8C4E-879DB8EDFE95}.Release|Any CPU.ActiveCfg = Release|Any CPU
		{DF00196A-3B96-4BCD-8C4E-879DB8EDFE95}.Release|Any CPU.Build.0 = Release|Any CPU
		{78FA154E-8772-4FC7-9C73-CC2E32BAA91D}.Debug|Any CPU.ActiveCfg = Debug|Any CPU
		{78FA154E-8772-4FC7-9C73-CC2E32BAA91D}.Debug|Any CPU.Build.0 = Debug|Any CPU
		{78FA154E-8772-4FC7-9C73-CC2E32BAA91D}.Release|Any CPU.ActiveCfg = Release|Any CPU
		{78FA154E-8772-4FC7-9C73-CC2E32BAA91D}.Release|Any CPU.Build.0 = Release|Any CPU
		{99DFB77D-8F8E-4351-A3AC-DA0436A2CE65}.Debug|Any CPU.ActiveCfg = Debug|Any CPU
		{99DFB77D-8F8E-4351-A3AC-DA0436A2CE65}.Debug|Any CPU.Build.0 = Debug|Any CPU
		{99DFB77D-8F8E-4351-A3AC-DA0436A2CE65}.Release|Any CPU.ActiveCfg = Release|Any CPU
		{99DFB77D-8F8E-4351-A3AC-DA0436A2CE65}.Release|Any CPU.Build.0 = Release|Any CPU
		{659E3CB3-9993-4AE5-9016-3FD2C5435066}.Debug|Any CPU.ActiveCfg = Debug|Any CPU
		{659E3CB3-9993-4AE5-9016-3FD2C5435066}.Debug|Any CPU.Build.0 = Debug|Any CPU
		{659E3CB3-9993-4AE5-9016-3FD2C5435066}.Release|Any CPU.ActiveCfg = Release|Any CPU
		{659E3CB3-9993-4AE5-9016-3FD2C5435066}.Release|Any CPU.Build.0 = Release|Any CPU
	EndGlobalSection
	GlobalSection(SolutionProperties) = preSolution
		HideSolutionNode = FALSE
	EndGlobalSection
	GlobalSection(NestedProjects) = preSolution
		{6B20E15F-BF5A-4EA8-B9E8-FC4AD7FE32A9} = {E06A41AD-42F2-4B8B-A4B2-530737165713}
		{2D564AEC-1B7C-4399-A067-A025C31F1BB5} = {E06A41AD-42F2-4B8B-A4B2-530737165713}
		{7A01F539-3EF7-45C6-B01D-60A460BC72FB} = {E06A41AD-42F2-4B8B-A4B2-530737165713}
		{8813E9E3-F825-44C3-8B8B-9DED8F914043} = {6460C2A7-0E62-46DE-9A68-A5FF30021FFB}
		{38BE8832-8735-4F01-9813-AE3A2168A1E2} = {6460C2A7-0E62-46DE-9A68-A5FF30021FFB}
		{DF00196A-3B96-4BCD-8C4E-879DB8EDFE95} = {6460C2A7-0E62-46DE-9A68-A5FF30021FFB}
		{78FA154E-8772-4FC7-9C73-CC2E32BAA91D} = {6460C2A7-0E62-46DE-9A68-A5FF30021FFB}
		{99DFB77D-8F8E-4351-A3AC-DA0436A2CE65} = {6460C2A7-0E62-46DE-9A68-A5FF30021FFB}
		{659E3CB3-9993-4AE5-9016-3FD2C5435066} = {8F255F02-E941-48B0-AB7A-C52A2D930973}
	EndGlobalSection
	GlobalSection(ExtensibilityGlobals) = postSolution
		SolutionGuid = {9AA888FF-F0A3-4587-ACA8-2733BF775558}
	EndGlobalSection
EndGlobal
